
Microsoft Visual Studio Solution File, Format Version 12.00
# Visual Studio Version 17
VisualStudioVersion = 17.0.31903.59
MinimumVisualStudioVersion = 10.0.40219.1
Project("{FAE04EC0-301F-11D3-BF4B-00C04F79EFBC}") = "BookCollabSaaS.Domain", "BookCollabSaaS.Domain\BookCollabSaaS.Domain.csproj", "{1CD18D00-BF4C-490E-95A9-61B457786E40}"
EndProject
Project("{FAE04EC0-301F-11D3-BF4B-00C04F79EFBC}") = "BookCollabSaaS.Application", "BookCollabSaaS.Application\BookCollabSaaS.Application.csproj", "{1462F061-B9F4-42CA-A4E9-80188317723B}"
EndProject
Project("{FAE04EC0-301F-11D3-BF4B-00C04F79EFBC}") = "BookCollabSaaS.Infrastructure", "BookCollabSaaS.Infrastructure\BookCollabSaaS.Infrastructure.csproj", "{AD31C0A2-732E-4334-B09B-5392B6D503B8}"
EndProject
Project("{FAE04EC0-301F-11D3-BF4B-00C04F79EFBC}") = "BookCollabSaaS.Presentation", "BookCollabSaaS.Presentation\BookCollabSaaS.Presentation.csproj", "{013341A3-FA8E-4759-9F2C-05D72B770F4A}"
EndProject
Global
	GlobalSection(SolutionConfigurationPlatforms) = preSolution
		Debug|Any CPU = Debug|Any CPU
		Debug|x64 = Debug|x64
		Debug|x86 = Debug|x86
		Release|Any CPU = Release|Any CPU
		Release|x64 = Release|x64
		Release|x86 = Release|x86
	EndGlobalSection
	GlobalSection(ProjectConfigurationPlatforms) = postSolution
		{1CD18D00-BF4C-490E-95A9-61B457786E40}.Debug|Any CPU.ActiveCfg = Debug|Any CPU
		{1CD18D00-BF4C-490E-95A9-61B457786E40}.Debug|Any CPU.Build.0 = Debug|Any CPU
		{1CD18D00-BF4C-490E-95A9-61B457786E40}.Debug|x64.ActiveCfg = Debug|Any CPU
		{1CD18D00-BF4C-490E-95A9-61B457786E40}.Debug|x64.Build.0 = Debug|Any CPU
		{1CD18D00-BF4C-490E-95A9-61B457786E40}.Debug|x86.ActiveCfg = Debug|Any CPU
		{1CD18D00-BF4C-490E-95A9-61B457786E40}.Debug|x86.Build.0 = Debug|Any CPU
		{1CD18D00-BF4C-490E-95A9-61B457786E40}.Release|Any CPU.ActiveCfg = Release|Any CPU
		{1CD18D00-BF4C-490E-95A9-61B457786E40}.Release|Any CPU.Build.0 = Release|Any CPU
		{1CD18D00-BF4C-490E-95A9-61B457786E40}.Release|x64.ActiveCfg = Release|Any CPU
		{1CD18D00-BF4C-490E-95A9-61B457786E40}.Release|x64.Build.0 = Release|Any CPU
		{1CD18D00-BF4C-490E-95A9-61B457786E40}.Release|x86.ActiveCfg = Release|Any CPU
		{1CD18D00-BF4C-490E-95A9-61B457786E40}.Release|x86.Build.0 = Release|Any CPU
		{1462F061-B9F4-42CA-A4E9-80188317723B}.Debug|Any CPU.ActiveCfg = Debug|Any CPU
		{1462F061-B9F4-42CA-A4E9-80188317723B}.Debug|Any CPU.Build.0 = Debug|Any CPU
		{1462F061-B9F4-42CA-A4E9-80188317723B}.Debug|x64.ActiveCfg = Debug|Any CPU
		{1462F061-B9F4-42CA-A4E9-80188317723B}.Debug|x64.Build.0 = Debug|Any CPU
		{1462F061-B9F4-42CA-A4E9-80188317723B}.Debug|x86.ActiveCfg = Debug|Any CPU
		{1462F061-B9F4-42CA-A4E9-80188317723B}.Debug|x86.Build.0 = Debug|Any CPU
		{1462F061-B9F4-42CA-A4E9-80188317723B}.Release|Any CPU.ActiveCfg = Release|Any CPU
		{1462F061-B9F4-42CA-A4E9-80188317723B}.Release|Any CPU.Build.0 = Release|Any CPU
		{1462F061-B9F4-42CA-A4E9-80188317723B}.Release|x64.ActiveCfg = Release|Any CPU
		{1462F061-B9F4-42CA-A4E9-80188317723B}.Release|x64.Build.0 = Release|Any CPU
		{1462F061-B9F4-42CA-A4E9-80188317723B}.Release|x86.ActiveCfg = Release|Any CPU
		{1462F061-B9F4-42CA-A4E9-80188317723B}.Release|x86.Build.0 = Release|Any CPU
		{AD31C0A2-732E-4334-B09B-5392B6D503B8}.Debug|Any CPU.ActiveCfg = Debug|Any CPU
		{AD31C0A2-732E-4334-B09B-5392B6D503B8}.Debug|Any CPU.Build.0 = Debug|Any CPU
		{AD31C0A2-732E-4334-B09B-5392B6D503B8}.Debug|x64.ActiveCfg = Debug|Any CPU
		{AD31C0A2-732E-4334-B09B-5392B6D503B8}.Debug|x64.Build.0 = Debug|Any CPU
		{AD31C0A2-732E-4334-B09B-5392B6D503B8}.Debug|x86.ActiveCfg = Debug|Any CPU
		{AD31C0A2-732E-4334-B09B-5392B6D503B8}.Debug|x86.Build.0 = Debug|Any CPU
		{AD31C0A2-732E-4334-B09B-5392B6D503B8}.Release|Any CPU.ActiveCfg = Release|Any CPU
		{AD31C0A2-732E-4334-B09B-5392B6D503B8}.Release|Any CPU.Build.0 = Release|Any CPU
		{AD31C0A2-732E-4334-B09B-5392B6D503B8}.Release|x64.ActiveCfg = Release|Any CPU
		{AD31C0A2-732E-4334-B09B-5392B6D503B8}.Release|x64.Build.0 = Release|Any CPU
		{AD31C0A2-732E-4334-B09B-5392B6D503B8}.Release|x86.ActiveCfg = Release|Any CPU
		{AD31C0A2-732E-4334-B09B-5392B6D503B8}.Release|x86.Build.0 = Release|Any CPU
		{013341A3-FA8E-4759-9F2C-05D72B770F4A}.Debug|Any CPU.ActiveCfg = Debug|Any CPU
		{013341A3-FA8E-4759-9F2C-05D72B770F4A}.Debug|Any CPU.Build.0 = Debug|Any CPU
		{013341A3-FA8E-4759-9F2C-05D72B770F4A}.Debug|x64.ActiveCfg = Debug|Any CPU
		{013341A3-FA8E-4759-9F2C-05D72B770F4A}.Debug|x64.Build.0 = Debug|Any CPU
		{013341A3-FA8E-4759-9F2C-05D72B770F4A}.Debug|x86.ActiveCfg = Debug|Any CPU
		{013341A3-FA8E-4759-9F2C-05D72B770F4A}.Debug|x86.Build.0 = Debug|Any CPU
		{013341A3-FA8E-4759-9F2C-05D72B770F4A}.Release|Any CPU.ActiveCfg = Release|Any CPU
		{013341A3-FA8E-4759-9F2C-05D72B770F4A}.Release|Any CPU.Build.0 = Release|Any CPU
		{013341A3-FA8E-4759-9F2C-05D72B770F4A}.Release|x64.ActiveCfg = Release|Any CPU
		{013341A3-FA8E-4759-9F2C-05D72B770F4A}.Release|x64.Build.0 = Release|Any CPU
		{013341A3-FA8E-4759-9F2C-05D72B770F4A}.Release|x86.ActiveCfg = Release|Any CPU
		{013341A3-FA8E-4759-9F2C-05D72B770F4A}.Release|x86.Build.0 = Release|Any CPU
	EndGlobalSection
	GlobalSection(SolutionProperties) = preSolution
		HideSolutionNode = FALSE
	EndGlobalSection
EndGlobal
